
Microsoft Visual Studio Solution File, Format Version 12.00
# Visual Studio Version 17
VisualStudioVersion = 17.4.33205.214
MinimumVisualStudioVersion = 10.0.40219.1
Project("{FAE04EC0-301F-11D3-BF4B-00C04F79EFBC}") = "Fusion-AutoDownload", "Fusion-AutoDownload\Fusion-AutoDownload.csproj", "{FC79B732-5EBE-4A9B-A19D-F0CD0716F661}"
EndProject
Project("{FAE04EC0-301F-11D3-BF4B-00C04F79EFBC}") = "Fusion-AutoDownload-AutoUpdater", "Fusion-AutoDownload-AutoUpdater\Fusion-AutoDownload-AutoUpdater.csproj", "{391B4845-C2AC-4843-9DFF-623E52D5092E}"
EndProject
Global
	GlobalSection(SolutionConfigurationPlatforms) = preSolution
		Debug|Any CPU = Debug|Any CPU
		Release|Any CPU = Release|Any CPU
	EndGlobalSection
	GlobalSection(ProjectConfigurationPlatforms) = postSolution
		{FC79B732-5EBE-4A9B-A19D-F0CD0716F661}.Debug|Any CPU.ActiveCfg = Debug|Any CPU
		{FC79B732-5EBE-4A9B-A19D-F0CD0716F661}.Debug|Any CPU.Build.0 = Debug|Any CPU
		{FC79B732-5EBE-4A9B-A19D-F0CD0716F661}.Release|Any CPU.ActiveCfg = Release|Any CPU
		{FC79B732-5EBE-4A9B-A19D-F0CD0716F661}.Release|Any CPU.Build.0 = Release|Any CPU
		{391B4845-C2AC-4843-9DFF-623E52D5092E}.Debug|Any CPU.ActiveCfg = Debug|Any CPU
		{391B4845-C2AC-4843-9DFF-623E52D5092E}.Debug|Any CPU.Build.0 = Debug|Any CPU
		{391B4845-C2AC-4843-9DFF-623E52D5092E}.Release|Any CPU.ActiveCfg = Release|Any CPU
		{391B4845-C2AC-4843-9DFF-623E52D5092E}.Release|Any CPU.Build.0 = Release|Any CPU
	EndGlobalSection
	GlobalSection(SolutionProperties) = preSolution
		HideSolutionNode = FALSE
	EndGlobalSection
	GlobalSection(ExtensibilityGlobals) = postSolution
		SolutionGuid = {9BC24F64-1891-4F92-847E-5AD392E4698B}
	EndGlobalSection
EndGlobal
